<?xml version="1.0" encoding="utf-8"?>
<Project ToolsVersion="4.0" xmlns="http://schemas.microsoft.com/developer/msbuild/2003">
  <ItemGroup>
    <Filter Include="Source Files">
      <UniqueIdentifier>{4FC737F1-C7A5-4376-A066-2A32D752A2FF}</UniqueIdentifier>
      <Extensions>cpp;c;cc;cxx;c++;cppm;ixx;def;odl;idl;hpj;bat;asm;asmx</Extensions>
    </Filter>
    <Filter Include="Header Files">
      <UniqueIdentifier>{93995380-89BD-4b04-88EB-625FBE52EBFB}</UniqueIdentifier>
      <Extensions>h;hh;hpp;hxx;h++;hm;inl;inc;ipp;xsd</Extensions>
    </Filter>
    <Filter Include="Resource Files">
      <UniqueIdentifier>{67DA6AB6-F800-4c08-8B7A-83BB121AAD01}</UniqueIdentifier>
      <Extensions>rc;ico;cur;bmp;dlg;rc2;rct;bin;rgs;gif;jpg;jpeg;jpe;resx;tiff;tif;png;wav;mfcribbon-ms</Extensions>
    </Filter>
    <Filter Include="Engine">
      <UniqueIdentifier>{abf453e0-7fe2-40f3-a19b-32d67bd390d0}</UniqueIdentifier>
    </Filter>
    <Filter Include="Engine\Core">
      <UniqueIdentifier>{01688549-cf8f-4e9f-8a9c-ab00b427582d}</UniqueIdentifier>
    </Filter>
    <Filter Include="Engine\Rendering">
      <UniqueIdentifier>{f875a820-4db3-4fc9-9d91-02dc6ae2a66b}</UniqueIdentifier>
    </Filter>
    <Filter Include="Engine\Core\Header Files">
      <UniqueIdentifier>{05829fa4-faa7-47f5-9250-a461d1168a97}</UniqueIdentifier>
    </Filter>
    <Filter Include="Engine\Core\Source">
      <UniqueIdentifier>{18e9c140-ec65-4388-afb4-4dd971d268c0}</UniqueIdentifier>
    </Filter>
    <Filter Include="Engine\Rendering\Header Files">
      <UniqueIdentifier>{d6c63be6-1c21-418b-964f-3e5e141a9f37}</UniqueIdentifier>
    </Filter>
    <Filter Include="Engine\Rendering\Source">
      <UniqueIdentifier>{8c216861-8080-4d44-bd8f-443d82328061}</UniqueIdentifier>
    </Filter>
    <Filter Include="Engine\Core\Components">
      <UniqueIdentifier>{c85ce355-870b-49ae-a210-dc559c29798c}</UniqueIdentifier>
    </Filter>
    <Filter Include="Engine\Core\Components\Source">
      <UniqueIdentifier>{34e316be-8af9-4f58-90cf-54d49a8d7302}</UniqueIdentifier>
    </Filter>
    <Filter Include="Assets">
      <UniqueIdentifier>{9fefda4f-a6f1-4beb-ae3e-7043aadd0d1d}</UniqueIdentifier>
    </Filter>
    <Filter Include="Assets\Shaders">
      <UniqueIdentifier>{7ecfb9a1-6ee1-4a45-b2a2-b72eae6cc6e6}</UniqueIdentifier>
    </Filter>
    <Filter Include="Assets\Textures">
      <UniqueIdentifier>{dfe8243e-8cf9-4af1-b67f-9289ede94e57}</UniqueIdentifier>
    </Filter>
    <Filter Include="Engine\Utilities">
      <UniqueIdentifier>{25995665-dfd3-4ceb-bcd1-169250e8cdd1}</UniqueIdentifier>
    </Filter>
    <Filter Include="Engine\Core\Components\Header Files">
      <UniqueIdentifier>{a6b45870-7af8-49af-84c2-99a04cd5e005}</UniqueIdentifier>
    </Filter>
    <Filter Include="Engine\Rendering\Animation">
      <UniqueIdentifier>{fc8d2ca5-2d8f-485e-a2a9-ed457c9a9059}</UniqueIdentifier>
    </Filter>
    <Filter Include="Engine\Rendering\Animation\Header Files">
      <UniqueIdentifier>{f3d965b4-d8d3-4713-9841-caac740aad45}</UniqueIdentifier>
    </Filter>
    <Filter Include="Engine\Rendering\Animation\Source">
      <UniqueIdentifier>{4bdc6af8-368c-47a2-85a2-fe1d6cbb6337}</UniqueIdentifier>
    </Filter>
    <Filter Include="Engine\Physics">
      <UniqueIdentifier>{b45e726e-a4d1-4691-83ee-9055f3e5f336}</UniqueIdentifier>
    </Filter>
    <Filter Include="Engine\Physics\Header Files">
      <UniqueIdentifier>{f88ef666-d8bf-4c2a-a83e-f5ea0c403e88}</UniqueIdentifier>
    </Filter>
    <Filter Include="Engine\Physics\Source">
      <UniqueIdentifier>{f1b5b575-ea7f-4f59-a739-16b8a762cd3e}</UniqueIdentifier>
    </Filter>
  </ItemGroup>
  <ItemGroup>
    <ClCompile Include="Entity.cpp">
      <Filter>Engine\Core\Source</Filter>
    </ClCompile>
    <ClCompile Include="World.cpp">
      <Filter>Engine\Core\Source</Filter>
    </ClCompile>
    <ClCompile Include="Component.cpp">
      <Filter>Engine\Core\Source</Filter>
    </ClCompile>
    <ClCompile Include="Application.cpp">
      <Filter>Engine\Core\Source</Filter>
    </ClCompile>
    <ClCompile Include="Camera.cpp">
      <Filter>Engine\Rendering\Source</Filter>
    </ClCompile>
    <ClCompile Include="Material.cpp">
      <Filter>Engine\Rendering\Source</Filter>
    </ClCompile>
    <ClCompile Include="Mesh.cpp">
      <Filter>Engine\Rendering\Source</Filter>
    </ClCompile>
    <ClCompile Include="Shader.cpp">
      <Filter>Engine\Rendering\Source</Filter>
    </ClCompile>
    <ClCompile Include="Skybox.cpp">
      <Filter>Engine\Rendering\Source</Filter>
    </ClCompile>
    <ClCompile Include="TransformComponent.cpp">
      <Filter>Engine\Core\Components\Source</Filter>
    </ClCompile>
    <ClCompile Include="StaticMeshComponent.cpp">
      <Filter>Engine\Core\Components\Source</Filter>
    </ClCompile>
    <ClCompile Include="Timer.cpp">
      <Filter>Engine\Core\Source</Filter>
    </ClCompile>
    <ClCompile Include="RenderManager.cpp">
      <Filter>Engine\Rendering\Source</Filter>
    </ClCompile>
    <ClCompile Include="Animation.cpp">
      <Filter>Engine\Rendering\Animation\Source</Filter>
    </ClCompile>
    <ClCompile Include="Animator.cpp">
      <Filter>Engine\Rendering\Animation\Source</Filter>
    </ClCompile>
    <ClCompile Include="Bone.cpp">
      <Filter>Engine\Rendering\Animation\Source</Filter>
    </ClCompile>
    <ClCompile Include="Model.cpp">
      <Filter>Engine\Rendering\Animation\Source</Filter>
    </ClCompile>
    <ClCompile Include="SkeletalMesh.cpp">
      <Filter>Engine\Rendering\Animation\Source</Filter>
    </ClCompile>
    <ClCompile Include="MeshRendererComponent.cpp">
      <Filter>Engine\Core\Components\Source</Filter>
    </ClCompile>
    <ClCompile Include="SkeletalMeshComponent.cpp">
      <Filter>Engine\Core\Components\Source</Filter>
    </ClCompile>
    <ClCompile Include="PhysicsManager.cpp">
      <Filter>Engine\Physics\Source</Filter>
    </ClCompile>
    <ClCompile Include="glad.c">
      <Filter>Source Files</Filter>
    </ClCompile>
    <ClCompile Include="Source.cpp">
      <Filter>Source Files</Filter>
    </ClCompile>
    <ClCompile Include="ColliderComponent.cpp">
      <Filter>Engine\Core\Components\Source</Filter>
    </ClCompile>
    <ClCompile Include="InputComponent.cpp">
      <Filter>Engine\Core\Components\Source</Filter>
    </ClCompile>
    <ClCompile Include="TestInputComponent.cpp">
      <Filter>Source Files</Filter>
    </ClCompile>
    <ClCompile Include="CameraComponent.cpp">
      <Filter>Engine\Core\Components\Source</Filter>
    </ClCompile>
    <ClCompile Include="MovementComponent.cpp">
      <Filter>Engine\Core\Components\Source</Filter>
    </ClCompile>
    <ClCompile Include="Texture.cpp">
      <Filter>Engine\Rendering\Source</Filter>
    </ClCompile>
  </ItemGroup>
  <ItemGroup>
    <ClInclude Include="Entity.h">
      <Filter>Engine\Core\Header Files</Filter>
    </ClInclude>
    <ClInclude Include="World.h">
      <Filter>Engine\Core\Header Files</Filter>
    </ClInclude>
    <ClInclude Include="Component.h">
      <Filter>Engine\Core\Header Files</Filter>
    </ClInclude>
    <ClInclude Include="Application.h">
      <Filter>Engine\Core\Header Files</Filter>
    </ClInclude>
    <ClInclude Include="Camera.h">
      <Filter>Engine\Rendering\Header Files</Filter>
    </ClInclude>
    <ClInclude Include="Material.h">
      <Filter>Engine\Rendering\Header Files</Filter>
    </ClInclude>
    <ClInclude Include="Mesh.h">
      <Filter>Engine\Rendering\Header Files</Filter>
    </ClInclude>
    <ClInclude Include="Shader.h">
      <Filter>Engine\Rendering\Header Files</Filter>
    </ClInclude>
    <ClInclude Include="Skybox.h">
      <Filter>Engine\Rendering\Header Files</Filter>
    </ClInclude>
    <ClInclude Include="TransformComponent.h">
      <Filter>Engine\Core\Components\Header Files</Filter>
    </ClInclude>
    <ClInclude Include="RenderManager.h">
      <Filter>Engine\Rendering\Header Files</Filter>
    </ClInclude>
    <ClInclude Include="Vertex.h">
      <Filter>Engine\Rendering\Header Files</Filter>
    </ClInclude>
    <ClInclude Include="Light.h">
      <Filter>Engine\Rendering\Header Files</Filter>
    </ClInclude>
    <ClInclude Include="StaticMeshComponent.h">
      <Filter>Engine\Core\Components\Header Files</Filter>
    </ClInclude>
    <ClInclude Include="Timer.h">
      <Filter>Engine\Core\Header Files</Filter>
    </ClInclude>
    <ClInclude Include="Animation.h">
      <Filter>Engine\Rendering\Animation\Header Files</Filter>
    </ClInclude>
    <ClInclude Include="Animator.h">
      <Filter>Engine\Rendering\Animation\Header Files</Filter>
    </ClInclude>
    <ClInclude Include="Bone.h">
      <Filter>Engine\Rendering\Animation\Header Files</Filter>
    </ClInclude>
    <ClInclude Include="Model.h">
      <Filter>Engine\Rendering\Animation\Header Files</Filter>
    </ClInclude>
    <ClInclude Include="SkeletalMesh.h">
      <Filter>Engine\Rendering\Animation\Header Files</Filter>
    </ClInclude>
    <ClInclude Include="Helpers.h">
      <Filter>Engine\Utilities</Filter>
    </ClInclude>
    <ClInclude Include="BoneInfo.h">
      <Filter>Engine\Rendering\Animation\Header Files</Filter>
    </ClInclude>
    <ClInclude Include="MeshRendererComponent.h">
      <Filter>Engine\Core\Components\Header Files</Filter>
    </ClInclude>
    <ClInclude Include="SkeletalMeshComponent.h">
      <Filter>Engine\Core\Components\Header Files</Filter>
    </ClInclude>
    <ClInclude Include="PhysicsManager.h">
      <Filter>Engine\Physics\Header Files</Filter>
    </ClInclude>
    <ClInclude Include="ColliderComponent.h">
      <Filter>Engine\Core\Components\Header Files</Filter>
    </ClInclude>
    <ClInclude Include="InputComponent.h">
      <Filter>Engine\Core\Components\Header Files</Filter>
    </ClInclude>
    <ClInclude Include="TestInputComponent.h">
      <Filter>Header Files</Filter>
    </ClInclude>
    <ClInclude Include="CameraComponent.h">
      <Filter>Engine\Core\Components\Header Files</Filter>
    </ClInclude>
    <ClInclude Include="MovementComponent.h">
      <Filter>Engine\Core\Components\Header Files</Filter>
    </ClInclude>
    <ClInclude Include="Texture.h">
      <Filter>Engine\Rendering\Header Files</Filter>
    </ClInclude>
  </ItemGroup>
  <ItemGroup>
    <None Include="Vertex_Shader.glsl">
      <Filter>Assets\Shaders</Filter>
    </None>
    <None Include="Fragment_Shader.glsl">
      <Filter>Assets\Shaders</Filter>
    </None>
    <None Include="SkySphere_Fragment.glsl">
      <Filter>Assets\Shaders</Filter>
    </None>
    <None Include="SkySphere_Vertex.glsl">
      <Filter>Assets\Shaders</Filter>
    </None>
    <None Include="animation_vertex.glsl">
      <Filter>Assets\Shaders</Filter>
    </None>
    <None Include="animation_fragment.glsl">
      <Filter>Assets\Shaders</Filter>
    </None>
    <None Include="debug.vs">
      <Filter>Assets\Shaders</Filter>
    </None>
    <None Include="debug.fs">
      <Filter>Assets\Shaders</Filter>
    </None>
    <None Include="Main_Vertex_Shader.glsl">
      <Filter>Assets\Shaders</Filter>
    </None>
    <None Include="Main_Fragment_Shader.glsl">
      <Filter>Assets\Shaders</Filter>
    </None>
    <None Include="Unlit_Fragment_Shader.glsl">
      <Filter>Assets\Shaders</Filter>
    </None>
    <None Include="Unlit_Vertex_Shader.glsl">
      <Filter>Assets\Shaders</Filter>
    </None>
  </ItemGroup>
  <ItemGroup>
    <Image Include="texture.jpg">
      <Filter>Assets\Textures</Filter>
    </Image>
    <Image Include="container2.png">
      <Filter>Assets\Textures</Filter>
    </Image>
    <Image Include="container2_specular.png">
      <Filter>Assets\Textures</Filter>
    </Image>
    <Image Include="back.jpg">
      <Filter>Assets\Textures</Filter>
    </Image>
    <Image Include="bottom.jpg">
      <Filter>Assets\Textures</Filter>
    </Image>
    <Image Include="front.jpg">
      <Filter>Assets\Textures</Filter>
    </Image>
    <Image Include="left.jpg">
      <Filter>Assets\Textures</Filter>
    </Image>
    <Image Include="right.jpg">
      <Filter>Assets\Textures</Filter>
    </Image>
    <Image Include="top.jpg">
      <Filter>Assets\Textures</Filter>
    </Image>
  </ItemGroup>
</Project>